
Microsoft Visual Studio Solution File, Format Version 12.00
# Visual Studio 15
Project("{FAE04EC0-301F-11D3-BF4B-00C04F79EFBC}") = "Assembly-CSharp", "Assembly-CSharp.csproj", "{46056D7B-A26C-D697-BB27-61ED59AC9BAE}"
EndProject
Global
	GlobalSection(SolutionConfigurationPlatforms) = preSolution
		Debug|Any CPU = Debug|Any CPU
		Release|Any CPU = Release|Any CPU
	EndGlobalSection
	GlobalSection(ProjectConfigurationPlatforms) = postSolution
		{46056D7B-A26C-D697-BB27-61ED59AC9BAE}.Debug|Any CPU.ActiveCfg = Debug|Any CPU
		{46056D7B-A26C-D697-BB27-61ED59AC9BAE}.Debug|Any CPU.Build.0 = Debug|Any CPU
		{46056D7B-A26C-D697-BB27-61ED59AC9BAE}.Release|Any CPU.ActiveCfg = Release|Any CPU
		{46056D7B-A26C-D697-BB27-61ED59AC9BAE}.Release|Any CPU.Build.0 = Release|Any CPU
	EndGlobalSection
	GlobalSection(SolutionProperties) = preSolution
		HideSolutionNode = FALSE
	EndGlobalSection
EndGlobal
